
Microsoft Visual Studio Solution File, Format Version 12.00
# Visual Studio Version 17
VisualStudioVersion = 17.5.33424.131
MinimumVisualStudioVersion = 10.0.40219.1
Project("{FAE04EC0-301F-11D3-BF4B-00C04F79EFBC}") = "CapstoneUnitTest", "CapstoneUnitTest\CapstoneUnitTest.csproj", "{DCA2A061-DBA5-48B0-85FF-E26C8B64B542}"
EndProject
Project("{9A19103F-16F7-4668-BE54-9A1E7A4F7556}") = "Backend", "..\CapstoneAPI\Backend\Backend.csproj", "{C81748A5-29C1-4C26-84BF-CF0AD13719AB}"
EndProject
Global
	GlobalSection(SolutionConfigurationPlatforms) = preSolution
		Debug|Any CPU = Debug|Any CPU
		Release|Any CPU = Release|Any CPU
	EndGlobalSection
	GlobalSection(ProjectConfigurationPlatforms) = postSolution
		{DCA2A061-DBA5-48B0-85FF-E26C8B64B542}.Debug|Any CPU.ActiveCfg = Debug|Any CPU
		{DCA2A061-DBA5-48B0-85FF-E26C8B64B542}.Debug|Any CPU.Build.0 = Debug|Any CPU
		{DCA2A061-DBA5-48B0-85FF-E26C8B64B542}.Release|Any CPU.ActiveCfg = Release|Any CPU
		{DCA2A061-DBA5-48B0-85FF-E26C8B64B542}.Release|Any CPU.Build.0 = Release|Any CPU
		{C81748A5-29C1-4C26-84BF-CF0AD13719AB}.Debug|Any CPU.ActiveCfg = Debug|Any CPU
		{C81748A5-29C1-4C26-84BF-CF0AD13719AB}.Debug|Any CPU.Build.0 = Debug|Any CPU
		{C81748A5-29C1-4C26-84BF-CF0AD13719AB}.Release|Any CPU.ActiveCfg = Release|Any CPU
		{C81748A5-29C1-4C26-84BF-CF0AD13719AB}.Release|Any CPU.Build.0 = Release|Any CPU
	EndGlobalSection
	GlobalSection(SolutionProperties) = preSolution
		HideSolutionNode = FALSE
	EndGlobalSection
	GlobalSection(ExtensibilityGlobals) = postSolution
		SolutionGuid = {39196A7E-809D-476E-A1E2-C6DE235F9F07}
	EndGlobalSection
EndGlobal
